
Microsoft Visual Studio Solution File, Format Version 12.00
# Visual Studio 15
VisualStudioVersion = 15.0.28307.489
MinimumVisualStudioVersion = 10.0.40219.1
Project("{FAE04EC0-301F-11D3-BF4B-00C04F79EFBC}") = "Api", "Api\Api.csproj", "{CF7F1CEC-6AD9-4EA7-9130-782C03A78648}"
EndProject
Global
	GlobalSection(SolutionConfigurationPlatforms) = preSolution
		Debug|Any CPU = Debug|Any CPU
		Release|Any CPU = Release|Any CPU
	EndGlobalSection
	GlobalSection(ProjectConfigurationPlatforms) = postSolution
		{CF7F1CEC-6AD9-4EA7-9130-782C03A78648}.Debug|Any CPU.ActiveCfg = Debug|Any CPU
		{CF7F1CEC-6AD9-4EA7-9130-782C03A78648}.Debug|Any CPU.Build.0 = Debug|Any CPU
		{CF7F1CEC-6AD9-4EA7-9130-782C03A78648}.Release|Any CPU.ActiveCfg = Release|Any CPU
		{CF7F1CEC-6AD9-4EA7-9130-782C03A78648}.Release|Any CPU.Build.0 = Release|Any CPU
	EndGlobalSection
	GlobalSection(SolutionProperties) = preSolution
		HideSolutionNode = FALSE
	EndGlobalSection
	GlobalSection(ExtensibilityGlobals) = postSolution
		SolutionGuid = {89583A49-8227-4D98-B760-988A173F0CEB}
	EndGlobalSection
EndGlobal
